{
  "version": 4,
  "terraform_version": "0.12.25",
  "serial": 18,
  "lineage": "5f31eede-0c40-ebec-c5a4-581d5cb04099",
  "outputs": {},
  "resources": [
    {
      "mode": "managed",
      "type": "google_container_cluster",
      "name": "mycluster1",
      "provider": "provider.google",
      "instances": [
        {
          "schema_version": 1,
          "attributes": {
            "addons_config": [
              {
                "cloudrun_config": [],
                "horizontal_pod_autoscaling": [],
                "http_load_balancing": [],
                "network_policy_config": [
                  {
                    "disabled": true
                  }
                ]
              }
            ],
            "authenticator_groups_config": [],
            "cluster_autoscaling": [
              {
                "auto_provisioning_defaults": [],
                "enabled": false,
                "resource_limits": []
              }
            ],
            "cluster_ipv4_cidr": "10.0.0.0/14",
            "database_encryption": [
              {
                "key_name": "",
                "state": "DECRYPTED"
              }
            ],
            "datapath_provider": "",
            "default_max_pods_per_node": null,
            "default_snat_status": [
              {
                "disabled": false
              }
            ],
            "description": "",
            "enable_binary_authorization": false,
            "enable_intranode_visibility": false,
            "enable_kubernetes_alpha": false,
            "enable_legacy_abac": false,
            "enable_shielded_nodes": false,
            "enable_tpu": false,
            "endpoint": "34.123.203.14",
            "id": "projects/terraformpractical/locations/us-central1/clusters/my-gke-cluster",
            "initial_node_count": 1,
            "instance_group_urls": [],
            "ip_allocation_policy": [],
            "label_fingerprint": "a9dc16a7",
            "location": "us-central1",
            "logging_service": "logging.googleapis.com/kubernetes",
            "maintenance_policy": [],
            "master_auth": [
              {
                "client_certificate": "",
                "client_certificate_config": [
                  {
                    "issue_client_certificate": false
                  }
                ],
                "client_key": "",
                "cluster_ca_certificate": "LS0tLS1CRUdJTiBDRVJUSUZJQ0FURS0tLS0tCk1JSURLekNDQWhPZ0F3SUJBZ0lSQU5NS3dBWllwZnhTMWhhMnpCUWc5ZTh3RFFZSktvWklodmNOQVFFTEJRQXcKTHpFdE1Dc0dBMVVFQXhNa09USTJZalV6Tm1JdE0yRmxNaTAwT0RBekxUaGtOelF0TldOak9UaG1NV000T1dVeApNQjRYRFRJeE1EUXdOVEV3TWpVek5sb1hEVEkyTURRd05ERXhNalV6Tmxvd0x6RXRNQ3NHQTFVRUF4TWtPVEkyCllqVXpObUl0TTJGbE1pMDBPREF6TFRoa056UXROV05qT1RobU1XTTRPV1V4TUlJQklqQU5CZ2txaGtpRzl3MEIKQVFFRkFBT0NBUThBTUlJQkNnS0NBUUVBdFQ3dWkxeUFQUHh6MWF0MndjVnRBYk8zbTFvRnpVRGdKVVhyWHpUTQo0bVlYUWhMVW1PQjUxZ3hDZlBoL3BnZTdUcVV2ZE9rcjhDYUYyeDJBTjZ1NHlpTXEzMWJ6RzBUQkJFdC9UMjdrCjIyVzAzc1JZbDl2YkZRRC80dno5WXNLRmg4YmdQdTR2RHF5RHNUM1VxT2JWeG1BQUVNSldMUkxZd3Izcms1YUMKYmVSelh6ajBqeDFtY0dxWmpzL2JDeFEwR2NjdGt1UktlNU5nY2I3RnJEc2pXRnVXeTdrSnQvMzlqUno0VmJzVwpUR2RCQjlxY0xtZUlQWFR5M0NJaDRFdFF3ZkdEMXdaY0pxTFZMQ0dDK1kydjlkcm9zd0J1MGxDenMzalJCeml5Cm40R2RDSWZoaHZ4Wk9rSEJHZmc1R0oraHp4RmRJaUtzTllHZ1pKU1FqUHpyUVFJREFRQUJvMEl3UURBT0JnTlYKSFE4QkFmOEVCQU1DQWdRd0R3WURWUjBUQVFIL0JBVXdBd0VCL3pBZEJnTlZIUTRFRmdRVVFkL1ZkWlNEZ0syWApQdzVSWVlTQmpHQldDeTh3RFFZSktvWklodmNOQVFFTEJRQURnZ0VCQUNkMzR3TndFbmdDN1VoOEdiV2o3K0RECjhnMklRUmhnbmEzOFcrOHR3bS8xVnZxN0lZZGRwZzh5UlV6bkpUYk43ek85RkY3d0trdXdSY0dBQVJoeG1CbUoKMnhnRGI2em9BdWx3MDFMSG1aeEtMWkh1TmhnMHRCSk43dEM3S0l0N1NCUGJIbmovUDgxNFloYVFwNytob28xRgpLUDNkd1VqbmtjYXNhZklXSkQzd1VUUmFSaEJWMmZrdXNxcjZUOE1yeDdPTjhXR3lnUmZjaEVpZXZuSk1tUVJVCi9pSmYwUk0wWElESjNleUVUdjNIdE1rZHlkVVd0OVIvNjBMaWFWK1I3WDFDOHJsaTkzdElKVEFXVWNOUEpYajQKZ1ZZTTZoclpmM1hyeFJjbXVoUVIzYlJSR3pxL2pWTStVWit0bU5FblB6SlJmVVZUMjZRamp3ZWtxaHpBNE5FPQotLS0tLUVORCBDRVJUSUZJQ0FURS0tLS0tCg==",
                "password": "",
                "username": ""
              }
            ],
            "master_authorized_networks_config": [],
            "master_version": "1.18.16-gke.302",
            "min_master_version": null,
            "monitoring_service": "monitoring.googleapis.com/kubernetes",
            "name": "my-gke-cluster",
            "network": "projects/terraformpractical/global/networks/default",
            "network_policy": [
              {
                "enabled": false,
                "provider": "PROVIDER_UNSPECIFIED"
              }
            ],
            "node_config": [],
            "node_locations": [
              "us-central1-b",
              "us-central1-c",
              "us-central1-f"
            ],
            "node_pool": [],
            "node_version": "1.18.16-gke.302",
            "operation": null,
            "pod_security_policy_config": [],
            "private_cluster_config": [],
            "project": "terraformpractical",
            "release_channel": [
              {
                "channel": "REGULAR"
              }
            ],
            "remove_default_node_pool": true,
            "resource_labels": null,
            "resource_usage_export_config": [],
            "self_link": "https://container.googleapis.com/v1beta1/projects/terraformpractical/locations/us-central1/clusters/my-gke-cluster",
            "services_ipv4_cidr": "10.3.240.0/20",
            "subnetwork": "projects/terraformpractical/regions/us-central1/subnetworks/default",
            "timeouts": null,
            "tpu_ipv4_cidr_block": "",
            "vertical_pod_autoscaling": [],
            "workload_identity_config": []
          },
          "private": "eyJlMmJmYjczMC1lY2FhLTExZTYtOGY4OC0zNDM2M2JjN2M0YzAiOnsiY3JlYXRlIjoyNDAwMDAwMDAwMDAwLCJkZWxldGUiOjI0MDAwMDAwMDAwMDAsInJlYWQiOjI0MDAwMDAwMDAwMDAsInVwZGF0ZSI6MzYwMDAwMDAwMDAwMH0sInNjaGVtYV92ZXJzaW9uIjoiMSJ9"
        }
      ]
    },
    {
      "mode": "managed",
      "type": "google_container_node_pool",
      "name": "np1",
      "provider": "provider.google",
      "instances": [
        {
          "schema_version": 1,
          "attributes": {
            "autoscaling": [],
            "cluster": "my-gke-cluster",
            "id": "projects/terraformpractical/locations/us-central1/clusters/my-gke-cluster/nodePools/node-pool-1",
            "initial_node_count": 1,
            "instance_group_urls": [
              "https://www.googleapis.com/compute/v1/projects/terraformpractical/zones/us-central1-f/instanceGroupManagers/gke-my-gke-cluster-node-pool-1-82e514a8-grp",
              "https://www.googleapis.com/compute/v1/projects/terraformpractical/zones/us-central1-b/instanceGroupManagers/gke-my-gke-cluster-node-pool-1-0a93b133-grp",
              "https://www.googleapis.com/compute/v1/projects/terraformpractical/zones/us-central1-c/instanceGroupManagers/gke-my-gke-cluster-node-pool-1-45487297-grp"
            ],
            "location": "us-central1",
            "management": [
              {
                "auto_repair": true,
                "auto_upgrade": true
              }
            ],
            "max_pods_per_node": null,
            "name": "node-pool-1",
            "name_prefix": "",
            "node_config": [
              {
                "disk_size_gb": 100,
                "disk_type": "pd-standard",
                "guest_accelerator": [],
                "image_type": "COS",
                "labels": {},
                "local_ssd_count": 0,
                "machine_type": "e2-micro",
                "metadata": {
                  "disable-legacy-endpoints": "true"
                },
                "min_cpu_platform": "",
                "oauth_scopes": [
                  "https://www.googleapis.com/auth/logging.write",
                  "https://www.googleapis.com/auth/monitoring"
                ],
                "preemptible": true,
                "service_account": "kubernetes-vishnu-id@terraformpractical.iam.gserviceaccount.com",
                "shielded_instance_config": [
                  {
                    "enable_integrity_monitoring": true,
                    "enable_secure_boot": false
                  }
                ],
                "tags": null,
                "taint": [],
                "workload_metadata_config": []
              }
            ],
            "node_count": 1,
            "node_locations": [
              "us-central1-b",
              "us-central1-c",
              "us-central1-f"
            ],
            "operation": null,
            "project": "terraformpractical",
            "timeouts": null,
            "upgrade_settings": [
              {
                "max_surge": 1,
                "max_unavailable": 0
              }
            ],
            "version": "1.18.16-gke.302"
          },
          "private": "eyJlMmJmYjczMC1lY2FhLTExZTYtOGY4OC0zNDM2M2JjN2M0YzAiOnsiY3JlYXRlIjoxODAwMDAwMDAwMDAwLCJkZWxldGUiOjE4MDAwMDAwMDAwMDAsInVwZGF0ZSI6MTgwMDAwMDAwMDAwMH0sInNjaGVtYV92ZXJzaW9uIjoiMSJ9",
          "dependencies": [
            "google_container_cluster.mycluster1",
            "google_service_account.default"
          ]
        }
      ]
    },
    {
      "mode": "managed",
      "type": "google_service_account",
      "name": "default",
      "provider": "provider.google",
      "instances": [
        {
          "schema_version": 0,
          "attributes": {
            "account_id": "kubernetes-vishnu-id",
            "description": "",
            "display_name": "Service Account",
            "email": "kubernetes-vishnu-id@terraformpractical.iam.gserviceaccount.com",
            "id": "projects/terraformpractical/serviceAccounts/kubernetes-vishnu-id@terraformpractical.iam.gserviceaccount.com",
            "name": "projects/terraformpractical/serviceAccounts/kubernetes-vishnu-id@terraformpractical.iam.gserviceaccount.com",
            "project": "terraformpractical",
            "timeouts": null,
            "unique_id": "117073855512097932788"
          },
          "private": "eyJlMmJmYjczMC1lY2FhLTExZTYtOGY4OC0zNDM2M2JjN2M0YzAiOnsiY3JlYXRlIjozMDAwMDAwMDAwMDB9fQ=="
        }
      ]
    }
  ]
}
