{
  "version": 4,
  "terraform_version": "0.12.25",
  "serial": 12,
  "lineage": "4c231b0e-222b-7118-b5a8-9f4508947904",
  "outputs": {},
  "resources": [
    {
      "mode": "managed",
      "type": "google_storage_bucket",
      "name": "normal",
      "provider": "provider.google",
      "instances": [
        {
          "schema_version": 0,
          "attributes": {
            "bucket_policy_only": false,
            "cors": [],
            "default_event_based_hold": false,
            "encryption": [],
            "force_destroy": false,
            "id": "normal-bucket-007890",
            "labels": {},
            "lifecycle_rule": [],
            "location": "US",
            "logging": [],
            "name": "normal-bucket-007890",
            "project": "terraformpractical",
            "requester_pays": false,
            "retention_policy": [],
            "self_link": "https://www.googleapis.com/storage/v1/b/normal-bucket-007890",
            "storage_class": "STANDARD",
            "uniform_bucket_level_access": false,
            "url": "gs://normal-bucket-007890",
            "versioning": [],
            "website": []
          }
        }
      ]
    }
  ]
}
